github.com/gorilla/mux v1.8.1 h1:TuBL49tXwgrFYWhqrNgrUNEY92u81SPhu7sTdzQEiWY=
github.com/gorilla/mux v1.8.1/go.mod h1:AKf9I4AEqPTmMytcMc0KkNouC66V3BtZ4qD5fmWSiMQ=
github.com/rwirdemann/simpleweb v0.1.2-0.20241108093746-dd165302b49c h1:wfiO6dVSSJJxYcVY6fimo/VPzHSxUd1KAoYYutlWkK4=
github.com/rwirdemann/simpleweb v0.1.2-0.20241108093746-dd165302b49c/go.mod h1:fpTSyNIKjIUKVpdiBqyIMCL+QvAPp+CTbYKAqmwRCPc=
github.com/rwirdemann/simpleweb v0.1.2-0.20241108094710-a330a71d22b7 h1:oxCD7VB9Ka/N6ZF19GcWdunh8WmIA6cX5jp1v93AZa4=
github.com/rwirdemann/simpleweb v0.1.2-0.20241108094710-a330a71d22b7/go.mod h1:fpTSyNIKjIUKVpdiBqyIMCL+QvAPp+CTbYKAqmwRCPc=
github.com/xeonx/timeago v1.0.0-rc5 h1:pwcQGpaH3eLfPtXeyPA4DmHWjoQt0Ea7/++FwpxqLxg=
github.com/xeonx/timeago v1.0.0-rc5/go.mod h1:qDLrYEFynLO7y5Ho7w3GwgtYgpy5UfhcXIIQvMKVDkA=
